{
  "originHash" : "06bc0dbb46a4ae6897fad9e6c6e9b6a597e314fd848a437283f069e617320767",
  "pins" : [
    {
      "identity" : "combineribs",
      "kind" : "remoteSourceControl",
      "location" : "https://github.com/modaal-agent/CombineRIBs.git",
      "state" : {
        "revision" : "043622e5eea50d5fecb4e723196830a5d45d0084",
        "version" : "2.2.0"
      }
    },
    {
      "identity" : "duet",
      "kind" : "remoteSourceControl",
      "location" : "https://github.com/modaal-agent/duet.git",
      "state" : {
        "revision" : "aa2b2cfe17ea544351514b41ea0aada5eebebf62",
        "version" : "0.2.1"
      }
    }
  ],
  "version" : 3
}
